
Microsoft Visual Studio Solution File, Format Version 12.00
# Visual Studio Version 17
VisualStudioVersion = 17.4.33213.308
MinimumVisualStudioVersion = 10.0.40219.1
Project("{FAE04EC0-301F-11D3-BF4B-00C04F79EFBC}") = "web-chat", "web-chat.csproj", "{46EE29FD-8D11-4B85-AD63-820CE3B15E4B}"
EndProject
Global
	GlobalSection(SolutionConfigurationPlatforms) = preSolution
		Debug|Any CPU = Debug|Any CPU
		Release|Any CPU = Release|Any CPU
	EndGlobalSection
	GlobalSection(ProjectConfigurationPlatforms) = postSolution
		{46EE29FD-8D11-4B85-AD63-820CE3B15E4B}.Debug|Any CPU.ActiveCfg = Debug|Any CPU
		{46EE29FD-8D11-4B85-AD63-820CE3B15E4B}.Debug|Any CPU.Build.0 = Debug|Any CPU
		{46EE29FD-8D11-4B85-AD63-820CE3B15E4B}.Release|Any CPU.ActiveCfg = Release|Any CPU
		{46EE29FD-8D11-4B85-AD63-820CE3B15E4B}.Release|Any CPU.Build.0 = Release|Any CPU
	EndGlobalSection
	GlobalSection(SolutionProperties) = preSolution
		HideSolutionNode = FALSE
	EndGlobalSection
	GlobalSection(ExtensibilityGlobals) = postSolution
		SolutionGuid = {95E81808-47FE-4C31-BA90-47228EBDF15E}
	EndGlobalSection
EndGlobal
